// !$*UTF8*$!
{
	archiveVersion = 1;
	classes = {
	};
	objectVersion = 46;
	objects = {

/* Begin PBXBuildFile section */
		67CB1B7A1A024D9000EAE3E6 /* main.m in Sources */ = {isa = PBXBuildFile; fileRef = 67CB1B791A024D9000EAE3E6 /* main.m */; };
		67CB1B821A024DDB00EAE3E6 /* NSDate+BNRDateConvenience.m in Sources */ = {isa = PBXBuildFile; fileRef = 67CB1B811A024DDB00EAE3E6 /* NSDate+BNRDateConvenience.m */; };
/* End PBXBuildFile section */

/* Begin PBXCopyFilesBuildPhase section */
		67CB1B741A024D9000EAE3E6 /* CopyFiles */ = {
			isa = PBXCopyFilesBuildPhase;
			buildActionMask = 2147483647;
			dstPath = /usr/share/man/man1/;
			dstSubfolderSpec = 0;
			files = (
			);
			runOnlyForDeploymentPostprocessing = 1;
		};
/* End PBXCopyFilesBuildPhase section */

/* Begin PBXFileReference section */
		67CB1B761A024D9000EAE3E6 /* DateMonger */ = {isa = PBXFileReference; explicitFileType = "compiled.mach-o.executable"; includeInIndex = 0; path = DateMonger; sourceTree = BUILT_PRODUCTS_DIR; };
		67CB1B791A024D9000EAE3E6 /* main.m */ = {isa = PBXFileReference; lastKnownFileType = sourcecode.c.objc; path = main.m; sourceTree = "<group>"; };
		67CB1B801A024DDB00EAE3E6 /* NSDate+BNRDateConvenience.h */ = {isa = PBXFileReference; fileEncoding = 4; lastKnownFileType = sourcecode.c.h; path = "NSDate+BNRDateConvenience.h"; sourceTree = "<group>"; };
		67CB1B811A024DDB00EAE3E6 /* NSDate+BNRDateConvenience.m */ = {isa = PBXFileReference; fileEncoding = 4; lastKnownFileType = sourcecode.c.objc; path = "NSDate+BNRDateConvenience.m"; sourceTree = "<group>"; };
/* End PBXFileReference section */

/* Begin PBXFrameworksBuildPhase section */
		67CB1B731A024D9000EAE3E6 /* Frameworks */ = {
			isa = PBXFrameworksBuildPhase;
			buildActionMask = 2147483647;
			files = (
			);
			runOnlyForDeploymentPostprocessing = 0;
		};
/* End PBXFrameworksBuildPhase section */

/* Begin PBXGroup section */
		67CB1B6D1A024D9000EAE3E6 = {
			isa = PBXGroup;
			children = (
				67CB1B781A024D9000EAE3E6 /* DateMonger */,
				67CB1B771A024D9000EAE3E6 /* Products */,
			);
			sourceTree = "<group>";
		};
		67CB1B771A024D9000EAE3E6 /* Products */ = {
			isa = PBXGroup;
			children = (
				67CB1B761A024D9000EAE3E6 /* DateMonger */,
			);
			name = Products;
			sourceTree = "<group>";
		};
		67CB1B781A024D9000EAE3E6 /* DateMonger */ = {
			isa = PBXGroup;
			children = (
				67CB1B791A024D9000EAE3E6 /* main.m */,
				67CB1B801A024DDB00EAE3E6 /* NSDate+BNRDateConvenience.h */,
				67CB1B811A024DDB00EAE3E6 /* NSDate+BNRDateConvenience.m */,
			);
			path = DateMonger;
			sourceTree = "<group>";
		};
/* End PBXGroup section */

/* Begin PBXNativeTarget section */
		67CB1B751A024D9000EAE3E6 /* DateMonger */ = {
			isa = PBXNativeTarget;
			buildConfigurationList = 67CB1B7D1A024D9000EAE3E6 /* Build configuration list for PBXNativeTarget "DateMonger" */;
			buildPhases = (
				67CB1B721A024D9000EAE3E6 /* Sources */,
				67CB1B731A024D9000EAE3E6 /* Frameworks */,
				67CB1B741A024D9000EAE3E6 /* CopyFiles */,
			);
			buildRules = (
			);
			dependencies = (
			);
			name = DateMonger;
			productName = DateMonger;
			productReference = 67CB1B761A024D9000EAE3E6 /* DateMonger */;
			productType = "com.apple.product-type.tool";
		};
/* End PBXNativeTarget section */

/* Begin PBXProject section */
		67CB1B6E1A024D9000EAE3E6 /* Project object */ = {
			isa = PBXProject;
			attributes = {
				LastUpgradeCheck = 0610;
				ORGANIZATIONNAME = "Raffaele Rainone";
				TargetAttributes = {
					67CB1B751A024D9000EAE3E6 = {
						CreatedOnToolsVersion = 6.1;
					};
				};
			};
			buildConfigurationList = 67CB1B711A024D9000EAE3E6 /* Build configuration list for PBXProject "DateMonger" */;
			compatibilityVersion = "Xcode 3.2";
			developmentRegion = English;
			hasScannedForEncodings = 0;
			knownRegions = (
				en,
			);
			mainGroup = 67CB1B6D1A024D9000EAE3E6;
			productRefGroup = 67CB1B771A024D9000EAE3E6 /* Products */;
			projectDirPath = "";
			projectRoot = "";
			targets = (
				67CB1B751A024D9000EAE3E6 /* DateMonger */,
			);
		};
/* End PBXProject section */

/* Begin PBXSourcesBuildPhase section */
		67CB1B721A024D9000EAE3E6 /* Sources */ = {
			isa = PBXSourcesBuildPhase;
			buildActionMask = 2147483647;
			files = (
				67CB1B7A1A024D9000EAE3E6 /* main.m in Sources */,
				67CB1B821A024DDB00EAE3E6 /* NSDate+BNRDateConvenience.m in Sources */,
			);
			runOnlyForDeploymentPostprocessing = 0;
		};
/* End PBXSourcesBuildPhase section */

/* Begin XCBuildConfiguration section */
		67CB1B7B1A024D9000EAE3E6 /* Debug */ = {
			isa = XCBuildConfiguration;
			buildSettings = {
				ALWAYS_SEARCH_USER_PATHS = NO;
				CLANG_CXX_LANGUAGE_STANDARD = "gnu++0x";
				CLANG_CXX_LIBRARY = "libc++";
				CLANG_ENABLE_MODULES = YES;
				CLANG_ENABLE_OBJC_ARC = YES;
				CLANG_WARN_BOOL_CONVERSION = YES;
				CLANG_WARN_CONSTANT_CONVERSION = YES;
				CLANG_WARN_DIRECT_OBJC_ISA_USAGE = YES_ERROR;
				CLANG_WARN_EMPTY_BODY = YES;
				CLANG_WARN_ENUM_CONVERSION = YES;
				CLANG_WARN_INT_CONVERSION = YES;
				CLANG_WARN_OBJC_ROOT_CLASS = YES_ERROR;
				CLANG_WARN_UNREACHABLE_CODE = YES;
				CLANG_WARN__DUPLICATE_METHOD_MATCH = YES;
				COPY_PHASE_STRIP = NO;
				ENABLE_STRICT_OBJC_MSGSEND = YES;
				GCC_C_LANGUAGE_STANDARD = gnu99;
				GCC_DYNAMIC_NO_PIC = NO;
				GCC_OPTIMIZATION_LEVEL = 0;
				GCC_PREPROCESSOR_DEFINITIONS = (
					"DEBUG=1",
					"$(inherited)",
				);
				GCC_SYMBOLS_PRIVATE_EXTERN = NO;
				GCC_WARN_64_TO_32_BIT_CONVERSION = YES;
				GCC_WARN_ABOUT_RETURN_TYPE = YES_ERROR;
				GCC_WARN_UNDECLARED_SELECTOR = YES;
				GCC_WARN_UNINITIALIZED_AUTOS = YES_AGGRESSIVE;
				GCC_WARN_UNUSED_FUNCTION = YES;
				GCC_WARN_UNUSED_VARIABLE = YES;
				MACOSX_DEPLOYMENT_TARGET = 10.9;
				MTL_ENABLE_DEBUG_INFO = YES;
				ONLY_ACTIVE_ARCH = YES;
				SDKROOT = macosx;
			};
			name = Debug;
		};
		67CB1B7C1A024D9000EAE3E6 /* Release */ = {
			isa = XCBuildConfiguration;
			buildSettings = {
				ALWAYS_SEARCH_USER_PATHS = NO;
				CLANG_CXX_LANGUAGE_STANDARD = "gnu++0x";
				CLANG_CXX_LIBRARY = "libc++";
				CLANG_ENABLE_MODULES = YES;
				CLANG_ENABLE_OBJC_ARC = YES;
				CLANG_WARN_BOOL_CONVERSION = YES;
				CLANG_WARN_CONSTANT_CONVERSION = YES;
				CLANG_WARN_DIRECT_OBJC_ISA_USAGE = YES_ERROR;
				CLANG_WARN_EMPTY_BODY = YES;
				CLANG_WARN_ENUM_CONVERSION = YES;
				CLANG_WARN_INT_CONVERSION = YES;
				CLANG_WARN_OBJC_ROOT_CLASS = YES_ERROR;
				CLANG_WARN_UNREACHABLE_CODE = YES;
				CLANG_WARN__DUPLICATE_METHOD_MATCH = YES;
				COPY_PHASE_STRIP = YES;
				DEBUG_INFORMATION_FORMAT = "dwarf-with-dsym";
				ENABLE_NS_ASSERTIONS = NO;
				ENABLE_STRICT_OBJC_MSGSEND = YES;
				GCC_C_LANGUAGE_STANDARD = gnu99;
				GCC_WARN_64_TO_32_BIT_CONVERSION = YES;
				GCC_WARN_ABOUT_RETURN_TYPE = YES_ERROR;
				GCC_WARN_UNDECLARED_SELECTOR = YES;
				GCC_WARN_UNINITIALIZED_AUTOS = YES_AGGRESSIVE;
				GCC_WARN_UNUSED_FUNCTION = YES;
				GCC_WARN_UNUSED_VARIABLE = YES;
				MACOSX_DEPLOYMENT_TARGET = 10.9;
				MTL_ENABLE_DEBUG_INFO = NO;
				SDKROOT = macosx;
			};
			name = Release;
		};
		67CB1B7E1A024D9000EAE3E6 /* Debug */ = {
			isa = XCBuildConfiguration;
			buildSettings = {
				PRODUCT_NAME = "$(TARGET_NAME)";
			};
			name = Debug;
		};
		67CB1B7F1A024D9000EAE3E6 /* Release */ = {
			isa = XCBuildConfiguration;
			buildSettings = {
				PRODUCT_NAME = "$(TARGET_NAME)";
			};
			name = Release;
		};
/* End XCBuildConfiguration section */

/* Begin XCConfigurationList section */
		67CB1B711A024D9000EAE3E6 /* Build configuration list for PBXProject "DateMonger" */ = {
			isa = XCConfigurationList;
			buildConfigurations = (
				67CB1B7B1A024D9000EAE3E6 /* Debug */,
				67CB1B7C1A024D9000EAE3E6 /* Release */,
			);
			defaultConfigurationIsVisible = 0;
			defaultConfigurationName = Release;
		};
		67CB1B7D1A024D9000EAE3E6 /* Build configuration list for PBXNativeTarget "DateMonger" */ = {
			isa = XCConfigurationList;
			buildConfigurations = (
				67CB1B7E1A024D9000EAE3E6 /* Debug */,
				67CB1B7F1A024D9000EAE3E6 /* Release */,
			);
			defaultConfigurationIsVisible = 0;
		};
/* End XCConfigurationList section */
	};
	rootObject = 67CB1B6E1A024D9000EAE3E6 /* Project object */;
}
