// !$*UTF8*$!
{
	archiveVersion = 1;
	classes = {
	};
	objectVersion = 46;
	objects = {

/* Begin PBXBuildFile section */
		678CE61D19FBE86100C5942E /* main.m in Sources */ = {isa = PBXBuildFile; fileRef = 678CE61C19FBE86100C5942E /* main.m */; };
		678CE62019FBE86100C5942E /* AppDelegate.m in Sources */ = {isa = PBXBuildFile; fileRef = 678CE61F19FBE86100C5942E /* AppDelegate.m */; };
		678CE62819FBE86200C5942E /* Images.xcassets in Resources */ = {isa = PBXBuildFile; fileRef = 678CE62719FBE86200C5942E /* Images.xcassets */; };
		678CE63719FBE86200C5942E /* iTahDoodleTests.m in Sources */ = {isa = PBXBuildFile; fileRef = 678CE63619FBE86200C5942E /* iTahDoodleTests.m */; };
/* End PBXBuildFile section */

/* Begin PBXContainerItemProxy section */
		678CE63119FBE86200C5942E /* PBXContainerItemProxy */ = {
			isa = PBXContainerItemProxy;
			containerPortal = 678CE60F19FBE86100C5942E /* Project object */;
			proxyType = 1;
			remoteGlobalIDString = 678CE61619FBE86100C5942E;
			remoteInfo = iTahDoodle;
		};
/* End PBXContainerItemProxy section */

/* Begin PBXFileReference section */
		678CE61719FBE86100C5942E /* iTahDoodle.app */ = {isa = PBXFileReference; explicitFileType = wrapper.application; includeInIndex = 0; path = iTahDoodle.app; sourceTree = BUILT_PRODUCTS_DIR; };
		678CE61B19FBE86100C5942E /* Info.plist */ = {isa = PBXFileReference; lastKnownFileType = text.plist.xml; path = Info.plist; sourceTree = "<group>"; };
		678CE61C19FBE86100C5942E /* main.m */ = {isa = PBXFileReference; lastKnownFileType = sourcecode.c.objc; path = main.m; sourceTree = "<group>"; };
		678CE61E19FBE86100C5942E /* AppDelegate.h */ = {isa = PBXFileReference; lastKnownFileType = sourcecode.c.h; path = AppDelegate.h; sourceTree = "<group>"; };
		678CE61F19FBE86100C5942E /* AppDelegate.m */ = {isa = PBXFileReference; lastKnownFileType = sourcecode.c.objc; path = AppDelegate.m; sourceTree = "<group>"; };
		678CE62719FBE86200C5942E /* Images.xcassets */ = {isa = PBXFileReference; lastKnownFileType = folder.assetcatalog; path = Images.xcassets; sourceTree = "<group>"; };
		678CE63019FBE86200C5942E /* iTahDoodleTests.xctest */ = {isa = PBXFileReference; explicitFileType = wrapper.cfbundle; includeInIndex = 0; path = iTahDoodleTests.xctest; sourceTree = BUILT_PRODUCTS_DIR; };
		678CE63519FBE86200C5942E /* Info.plist */ = {isa = PBXFileReference; lastKnownFileType = text.plist.xml; path = Info.plist; sourceTree = "<group>"; };
		678CE63619FBE86200C5942E /* iTahDoodleTests.m */ = {isa = PBXFileReference; lastKnownFileType = sourcecode.c.objc; path = iTahDoodleTests.m; sourceTree = "<group>"; };
/* End PBXFileReference section */

/* Begin PBXFrameworksBuildPhase section */
		678CE61419FBE86100C5942E /* Frameworks */ = {
			isa = PBXFrameworksBuildPhase;
			buildActionMask = 2147483647;
			files = (
			);
			runOnlyForDeploymentPostprocessing = 0;
		};
		678CE62D19FBE86200C5942E /* Frameworks */ = {
			isa = PBXFrameworksBuildPhase;
			buildActionMask = 2147483647;
			files = (
			);
			runOnlyForDeploymentPostprocessing = 0;
		};
/* End PBXFrameworksBuildPhase section */

/* Begin PBXGroup section */
		678CE60E19FBE86100C5942E = {
			isa = PBXGroup;
			children = (
				678CE61919FBE86100C5942E /* iTahDoodle */,
				678CE63319FBE86200C5942E /* iTahDoodleTests */,
				678CE61819FBE86100C5942E /* Products */,
			);
			sourceTree = "<group>";
		};
		678CE61819FBE86100C5942E /* Products */ = {
			isa = PBXGroup;
			children = (
				678CE61719FBE86100C5942E /* iTahDoodle.app */,
				678CE63019FBE86200C5942E /* iTahDoodleTests.xctest */,
			);
			name = Products;
			sourceTree = "<group>";
		};
		678CE61919FBE86100C5942E /* iTahDoodle */ = {
			isa = PBXGroup;
			children = (
				678CE61E19FBE86100C5942E /* AppDelegate.h */,
				678CE61F19FBE86100C5942E /* AppDelegate.m */,
				678CE62719FBE86200C5942E /* Images.xcassets */,
				678CE61A19FBE86100C5942E /* Supporting Files */,
			);
			path = iTahDoodle;
			sourceTree = "<group>";
		};
		678CE61A19FBE86100C5942E /* Supporting Files */ = {
			isa = PBXGroup;
			children = (
				678CE61B19FBE86100C5942E /* Info.plist */,
				678CE61C19FBE86100C5942E /* main.m */,
			);
			name = "Supporting Files";
			sourceTree = "<group>";
		};
		678CE63319FBE86200C5942E /* iTahDoodleTests */ = {
			isa = PBXGroup;
			children = (
				678CE63619FBE86200C5942E /* iTahDoodleTests.m */,
				678CE63419FBE86200C5942E /* Supporting Files */,
			);
			path = iTahDoodleTests;
			sourceTree = "<group>";
		};
		678CE63419FBE86200C5942E /* Supporting Files */ = {
			isa = PBXGroup;
			children = (
				678CE63519FBE86200C5942E /* Info.plist */,
			);
			name = "Supporting Files";
			sourceTree = "<group>";
		};
/* End PBXGroup section */

/* Begin PBXNativeTarget section */
		678CE61619FBE86100C5942E /* iTahDoodle */ = {
			isa = PBXNativeTarget;
			buildConfigurationList = 678CE63A19FBE86200C5942E /* Build configuration list for PBXNativeTarget "iTahDoodle" */;
			buildPhases = (
				678CE61319FBE86100C5942E /* Sources */,
				678CE61419FBE86100C5942E /* Frameworks */,
				678CE61519FBE86100C5942E /* Resources */,
			);
			buildRules = (
			);
			dependencies = (
			);
			name = iTahDoodle;
			productName = iTahDoodle;
			productReference = 678CE61719FBE86100C5942E /* iTahDoodle.app */;
			productType = "com.apple.product-type.application";
		};
		678CE62F19FBE86200C5942E /* iTahDoodleTests */ = {
			isa = PBXNativeTarget;
			buildConfigurationList = 678CE63D19FBE86200C5942E /* Build configuration list for PBXNativeTarget "iTahDoodleTests" */;
			buildPhases = (
				678CE62C19FBE86200C5942E /* Sources */,
				678CE62D19FBE86200C5942E /* Frameworks */,
				678CE62E19FBE86200C5942E /* Resources */,
			);
			buildRules = (
			);
			dependencies = (
				678CE63219FBE86200C5942E /* PBXTargetDependency */,
			);
			name = iTahDoodleTests;
			productName = iTahDoodleTests;
			productReference = 678CE63019FBE86200C5942E /* iTahDoodleTests.xctest */;
			productType = "com.apple.product-type.bundle.unit-test";
		};
/* End PBXNativeTarget section */

/* Begin PBXProject section */
		678CE60F19FBE86100C5942E /* Project object */ = {
			isa = PBXProject;
			attributes = {
				LastUpgradeCheck = 0600;
				ORGANIZATIONNAME = "Raffaele Rainone";
				TargetAttributes = {
					678CE61619FBE86100C5942E = {
						CreatedOnToolsVersion = 6.0.1;
					};
					678CE62F19FBE86200C5942E = {
						CreatedOnToolsVersion = 6.0.1;
						TestTargetID = 678CE61619FBE86100C5942E;
					};
				};
			};
			buildConfigurationList = 678CE61219FBE86100C5942E /* Build configuration list for PBXProject "iTahDoodle" */;
			compatibilityVersion = "Xcode 3.2";
			developmentRegion = English;
			hasScannedForEncodings = 0;
			knownRegions = (
				en,
				Base,
			);
			mainGroup = 678CE60E19FBE86100C5942E;
			productRefGroup = 678CE61819FBE86100C5942E /* Products */;
			projectDirPath = "";
			projectRoot = "";
			targets = (
				678CE61619FBE86100C5942E /* iTahDoodle */,
				678CE62F19FBE86200C5942E /* iTahDoodleTests */,
			);
		};
/* End PBXProject section */

/* Begin PBXResourcesBuildPhase section */
		678CE61519FBE86100C5942E /* Resources */ = {
			isa = PBXResourcesBuildPhase;
			buildActionMask = 2147483647;
			files = (
				678CE62819FBE86200C5942E /* Images.xcassets in Resources */,
			);
			runOnlyForDeploymentPostprocessing = 0;
		};
		678CE62E19FBE86200C5942E /* Resources */ = {
			isa = PBXResourcesBuildPhase;
			buildActionMask = 2147483647;
			files = (
			);
			runOnlyForDeploymentPostprocessing = 0;
		};
/* End PBXResourcesBuildPhase section */

/* Begin PBXSourcesBuildPhase section */
		678CE61319FBE86100C5942E /* Sources */ = {
			isa = PBXSourcesBuildPhase;
			buildActionMask = 2147483647;
			files = (
				678CE62019FBE86100C5942E /* AppDelegate.m in Sources */,
				678CE61D19FBE86100C5942E /* main.m in Sources */,
			);
			runOnlyForDeploymentPostprocessing = 0;
		};
		678CE62C19FBE86200C5942E /* Sources */ = {
			isa = PBXSourcesBuildPhase;
			buildActionMask = 2147483647;
			files = (
				678CE63719FBE86200C5942E /* iTahDoodleTests.m in Sources */,
			);
			runOnlyForDeploymentPostprocessing = 0;
		};
/* End PBXSourcesBuildPhase section */

/* Begin PBXTargetDependency section */
		678CE63219FBE86200C5942E /* PBXTargetDependency */ = {
			isa = PBXTargetDependency;
			target = 678CE61619FBE86100C5942E /* iTahDoodle */;
			targetProxy = 678CE63119FBE86200C5942E /* PBXContainerItemProxy */;
		};
/* End PBXTargetDependency section */

/* Begin XCBuildConfiguration section */
		678CE63819FBE86200C5942E /* Debug */ = {
			isa = XCBuildConfiguration;
			buildSettings = {
				ALWAYS_SEARCH_USER_PATHS = NO;
				CLANG_CXX_LANGUAGE_STANDARD = "gnu++0x";
				CLANG_CXX_LIBRARY = "libc++";
				CLANG_ENABLE_MODULES = YES;
				CLANG_ENABLE_OBJC_ARC = YES;
				CLANG_WARN_BOOL_CONVERSION = YES;
				CLANG_WARN_CONSTANT_CONVERSION = YES;
				CLANG_WARN_DIRECT_OBJC_ISA_USAGE = YES_ERROR;
				CLANG_WARN_EMPTY_BODY = YES;
				CLANG_WARN_ENUM_CONVERSION = YES;
				CLANG_WARN_INT_CONVERSION = YES;
				CLANG_WARN_OBJC_ROOT_CLASS = YES_ERROR;
				CLANG_WARN_UNREACHABLE_CODE = YES;
				CLANG_WARN__DUPLICATE_METHOD_MATCH = YES;
				"CODE_SIGN_IDENTITY[sdk=iphoneos*]" = "iPhone Developer";
				COPY_PHASE_STRIP = NO;
				ENABLE_STRICT_OBJC_MSGSEND = YES;
				GCC_C_LANGUAGE_STANDARD = gnu99;
				GCC_DYNAMIC_NO_PIC = NO;
				GCC_OPTIMIZATION_LEVEL = 0;
				GCC_PREPROCESSOR_DEFINITIONS = (
					"DEBUG=1",
					"$(inherited)",
				);
				GCC_SYMBOLS_PRIVATE_EXTERN = NO;
				GCC_WARN_64_TO_32_BIT_CONVERSION = YES;
				GCC_WARN_ABOUT_RETURN_TYPE = YES_ERROR;
				GCC_WARN_UNDECLARED_SELECTOR = YES;
				GCC_WARN_UNINITIALIZED_AUTOS = YES_AGGRESSIVE;
				GCC_WARN_UNUSED_FUNCTION = YES;
				GCC_WARN_UNUSED_VARIABLE = YES;
				IPHONEOS_DEPLOYMENT_TARGET = 8.0;
				MTL_ENABLE_DEBUG_INFO = YES;
				ONLY_ACTIVE_ARCH = YES;
				SDKROOT = iphoneos;
			};
			name = Debug;
		};
		678CE63919FBE86200C5942E /* Release */ = {
			isa = XCBuildConfiguration;
			buildSettings = {
				ALWAYS_SEARCH_USER_PATHS = NO;
				CLANG_CXX_LANGUAGE_STANDARD = "gnu++0x";
				CLANG_CXX_LIBRARY = "libc++";
				CLANG_ENABLE_MODULES = YES;
				CLANG_ENABLE_OBJC_ARC = YES;
				CLANG_WARN_BOOL_CONVERSION = YES;
				CLANG_WARN_CONSTANT_CONVERSION = YES;
				CLANG_WARN_DIRECT_OBJC_ISA_USAGE = YES_ERROR;
				CLANG_WARN_EMPTY_BODY = YES;
				CLANG_WARN_ENUM_CONVERSION = YES;
				CLANG_WARN_INT_CONVERSION = YES;
				CLANG_WARN_OBJC_ROOT_CLASS = YES_ERROR;
				CLANG_WARN_UNREACHABLE_CODE = YES;
				CLANG_WARN__DUPLICATE_METHOD_MATCH = YES;
				"CODE_SIGN_IDENTITY[sdk=iphoneos*]" = "iPhone Developer";
				COPY_PHASE_STRIP = YES;
				ENABLE_NS_ASSERTIONS = NO;
				ENABLE_STRICT_OBJC_MSGSEND = YES;
				GCC_C_LANGUAGE_STANDARD = gnu99;
				GCC_WARN_64_TO_32_BIT_CONVERSION = YES;
				GCC_WARN_ABOUT_RETURN_TYPE = YES_ERROR;
				GCC_WARN_UNDECLARED_SELECTOR = YES;
				GCC_WARN_UNINITIALIZED_AUTOS = YES_AGGRESSIVE;
				GCC_WARN_UNUSED_FUNCTION = YES;
				GCC_WARN_UNUSED_VARIABLE = YES;
				IPHONEOS_DEPLOYMENT_TARGET = 8.0;
				MTL_ENABLE_DEBUG_INFO = NO;
				SDKROOT = iphoneos;
				VALIDATE_PRODUCT = YES;
			};
			name = Release;
		};
		678CE63B19FBE86200C5942E /* Debug */ = {
			isa = XCBuildConfiguration;
			buildSettings = {
				ASSETCATALOG_COMPILER_APPICON_NAME = AppIcon;
				INFOPLIST_FILE = iTahDoodle/Info.plist;
				LD_RUNPATH_SEARCH_PATHS = "$(inherited) @executable_path/Frameworks";
				PRODUCT_NAME = "$(TARGET_NAME)";
			};
			name = Debug;
		};
		678CE63C19FBE86200C5942E /* Release */ = {
			isa = XCBuildConfiguration;
			buildSettings = {
				ASSETCATALOG_COMPILER_APPICON_NAME = AppIcon;
				INFOPLIST_FILE = iTahDoodle/Info.plist;
				LD_RUNPATH_SEARCH_PATHS = "$(inherited) @executable_path/Frameworks";
				PRODUCT_NAME = "$(TARGET_NAME)";
			};
			name = Release;
		};
		678CE63E19FBE86200C5942E /* Debug */ = {
			isa = XCBuildConfiguration;
			buildSettings = {
				BUNDLE_LOADER = "$(TEST_HOST)";
				FRAMEWORK_SEARCH_PATHS = (
					"$(SDKROOT)/Developer/Library/Frameworks",
					"$(inherited)",
				);
				GCC_PREPROCESSOR_DEFINITIONS = (
					"DEBUG=1",
					"$(inherited)",
				);
				INFOPLIST_FILE = iTahDoodleTests/Info.plist;
				LD_RUNPATH_SEARCH_PATHS = "$(inherited) @executable_path/Frameworks @loader_path/Frameworks";
				PRODUCT_NAME = "$(TARGET_NAME)";
				TEST_HOST = "$(BUILT_PRODUCTS_DIR)/iTahDoodle.app/iTahDoodle";
			};
			name = Debug;
		};
		678CE63F19FBE86200C5942E /* Release */ = {
			isa = XCBuildConfiguration;
			buildSettings = {
				BUNDLE_LOADER = "$(TEST_HOST)";
				FRAMEWORK_SEARCH_PATHS = (
					"$(SDKROOT)/Developer/Library/Frameworks",
					"$(inherited)",
				);
				INFOPLIST_FILE = iTahDoodleTests/Info.plist;
				LD_RUNPATH_SEARCH_PATHS = "$(inherited) @executable_path/Frameworks @loader_path/Frameworks";
				PRODUCT_NAME = "$(TARGET_NAME)";
				TEST_HOST = "$(BUILT_PRODUCTS_DIR)/iTahDoodle.app/iTahDoodle";
			};
			name = Release;
		};
/* End XCBuildConfiguration section */

/* Begin XCConfigurationList section */
		678CE61219FBE86100C5942E /* Build configuration list for PBXProject "iTahDoodle" */ = {
			isa = XCConfigurationList;
			buildConfigurations = (
				678CE63819FBE86200C5942E /* Debug */,
				678CE63919FBE86200C5942E /* Release */,
			);
			defaultConfigurationIsVisible = 0;
			defaultConfigurationName = Release;
		};
		678CE63A19FBE86200C5942E /* Build configuration list for PBXNativeTarget "iTahDoodle" */ = {
			isa = XCConfigurationList;
			buildConfigurations = (
				678CE63B19FBE86200C5942E /* Debug */,
				678CE63C19FBE86200C5942E /* Release */,
			);
			defaultConfigurationIsVisible = 0;
			defaultConfigurationName = Release;
		};
		678CE63D19FBE86200C5942E /* Build configuration list for PBXNativeTarget "iTahDoodleTests" */ = {
			isa = XCConfigurationList;
			buildConfigurations = (
				678CE63E19FBE86200C5942E /* Debug */,
				678CE63F19FBE86200C5942E /* Release */,
			);
			defaultConfigurationIsVisible = 0;
			defaultConfigurationName = Release;
		};
/* End XCConfigurationList section */
	};
	rootObject = 678CE60F19FBE86100C5942E /* Project object */;
}
