// !$*UTF8*$!
{
	archiveVersion = 1;
	classes = {
	};
	objectVersion = 46;
	objects = {

/* Begin PBXBuildFile section */
		67531AA11A0667AD0056ABB9 /* main.m in Sources */ = {isa = PBXBuildFile; fileRef = 67531AA01A0667AD0056ABB9 /* main.m */; };
		67531AA91A0668080056ABB9 /* NSData+Speakable.m in Sources */ = {isa = PBXBuildFile; fileRef = 67531AA81A0668080056ABB9 /* NSData+Speakable.m */; };
/* End PBXBuildFile section */

/* Begin PBXCopyFilesBuildPhase section */
		67531A9B1A0667AD0056ABB9 /* CopyFiles */ = {
			isa = PBXCopyFilesBuildPhase;
			buildActionMask = 2147483647;
			dstPath = /usr/share/man/man1/;
			dstSubfolderSpec = 0;
			files = (
			);
			runOnlyForDeploymentPostprocessing = 1;
		};
/* End PBXCopyFilesBuildPhase section */

/* Begin PBXFileReference section */
		67531A9D1A0667AD0056ABB9 /* Speakable */ = {isa = PBXFileReference; explicitFileType = "compiled.mach-o.executable"; includeInIndex = 0; path = Speakable; sourceTree = BUILT_PRODUCTS_DIR; };
		67531AA01A0667AD0056ABB9 /* main.m */ = {isa = PBXFileReference; lastKnownFileType = sourcecode.c.objc; path = main.m; sourceTree = "<group>"; };
		67531AA71A0668080056ABB9 /* NSData+Speakable.h */ = {isa = PBXFileReference; fileEncoding = 4; lastKnownFileType = sourcecode.c.h; path = "NSData+Speakable.h"; sourceTree = "<group>"; };
		67531AA81A0668080056ABB9 /* NSData+Speakable.m */ = {isa = PBXFileReference; fileEncoding = 4; lastKnownFileType = sourcecode.c.objc; path = "NSData+Speakable.m"; sourceTree = "<group>"; };
/* End PBXFileReference section */

/* Begin PBXFrameworksBuildPhase section */
		67531A9A1A0667AD0056ABB9 /* Frameworks */ = {
			isa = PBXFrameworksBuildPhase;
			buildActionMask = 2147483647;
			files = (
			);
			runOnlyForDeploymentPostprocessing = 0;
		};
/* End PBXFrameworksBuildPhase section */

/* Begin PBXGroup section */
		67531A941A0667AD0056ABB9 = {
			isa = PBXGroup;
			children = (
				67531A9F1A0667AD0056ABB9 /* Speakable */,
				67531A9E1A0667AD0056ABB9 /* Products */,
			);
			sourceTree = "<group>";
		};
		67531A9E1A0667AD0056ABB9 /* Products */ = {
			isa = PBXGroup;
			children = (
				67531A9D1A0667AD0056ABB9 /* Speakable */,
			);
			name = Products;
			sourceTree = "<group>";
		};
		67531A9F1A0667AD0056ABB9 /* Speakable */ = {
			isa = PBXGroup;
			children = (
				67531AA01A0667AD0056ABB9 /* main.m */,
				67531AA71A0668080056ABB9 /* NSData+Speakable.h */,
				67531AA81A0668080056ABB9 /* NSData+Speakable.m */,
			);
			path = Speakable;
			sourceTree = "<group>";
		};
/* End PBXGroup section */

/* Begin PBXNativeTarget section */
		67531A9C1A0667AD0056ABB9 /* Speakable */ = {
			isa = PBXNativeTarget;
			buildConfigurationList = 67531AA41A0667AD0056ABB9 /* Build configuration list for PBXNativeTarget "Speakable" */;
			buildPhases = (
				67531A991A0667AD0056ABB9 /* Sources */,
				67531A9A1A0667AD0056ABB9 /* Frameworks */,
				67531A9B1A0667AD0056ABB9 /* CopyFiles */,
			);
			buildRules = (
			);
			dependencies = (
			);
			name = Speakable;
			productName = Speakable;
			productReference = 67531A9D1A0667AD0056ABB9 /* Speakable */;
			productType = "com.apple.product-type.tool";
		};
/* End PBXNativeTarget section */

/* Begin PBXProject section */
		67531A951A0667AD0056ABB9 /* Project object */ = {
			isa = PBXProject;
			attributes = {
				LastUpgradeCheck = 0610;
				ORGANIZATIONNAME = "Raffaele Rainone";
				TargetAttributes = {
					67531A9C1A0667AD0056ABB9 = {
						CreatedOnToolsVersion = 6.1;
					};
				};
			};
			buildConfigurationList = 67531A981A0667AD0056ABB9 /* Build configuration list for PBXProject "Speakable" */;
			compatibilityVersion = "Xcode 3.2";
			developmentRegion = English;
			hasScannedForEncodings = 0;
			knownRegions = (
				en,
			);
			mainGroup = 67531A941A0667AD0056ABB9;
			productRefGroup = 67531A9E1A0667AD0056ABB9 /* Products */;
			projectDirPath = "";
			projectRoot = "";
			targets = (
				67531A9C1A0667AD0056ABB9 /* Speakable */,
			);
		};
/* End PBXProject section */

/* Begin PBXSourcesBuildPhase section */
		67531A991A0667AD0056ABB9 /* Sources */ = {
			isa = PBXSourcesBuildPhase;
			buildActionMask = 2147483647;
			files = (
				67531AA11A0667AD0056ABB9 /* main.m in Sources */,
				67531AA91A0668080056ABB9 /* NSData+Speakable.m in Sources */,
			);
			runOnlyForDeploymentPostprocessing = 0;
		};
/* End PBXSourcesBuildPhase section */

/* Begin XCBuildConfiguration section */
		67531AA21A0667AD0056ABB9 /* Debug */ = {
			isa = XCBuildConfiguration;
			buildSettings = {
				ALWAYS_SEARCH_USER_PATHS = NO;
				CLANG_CXX_LANGUAGE_STANDARD = "gnu++0x";
				CLANG_CXX_LIBRARY = "libc++";
				CLANG_ENABLE_MODULES = YES;
				CLANG_ENABLE_OBJC_ARC = YES;
				CLANG_WARN_BOOL_CONVERSION = YES;
				CLANG_WARN_CONSTANT_CONVERSION = YES;
				CLANG_WARN_DIRECT_OBJC_ISA_USAGE = YES_ERROR;
				CLANG_WARN_EMPTY_BODY = YES;
				CLANG_WARN_ENUM_CONVERSION = YES;
				CLANG_WARN_INT_CONVERSION = YES;
				CLANG_WARN_OBJC_ROOT_CLASS = YES_ERROR;
				CLANG_WARN_UNREACHABLE_CODE = YES;
				CLANG_WARN__DUPLICATE_METHOD_MATCH = YES;
				COPY_PHASE_STRIP = NO;
				ENABLE_STRICT_OBJC_MSGSEND = YES;
				GCC_C_LANGUAGE_STANDARD = gnu99;
				GCC_DYNAMIC_NO_PIC = NO;
				GCC_OPTIMIZATION_LEVEL = 0;
				GCC_PREPROCESSOR_DEFINITIONS = (
					"DEBUG=1",
					"$(inherited)",
				);
				GCC_SYMBOLS_PRIVATE_EXTERN = NO;
				GCC_WARN_64_TO_32_BIT_CONVERSION = YES;
				GCC_WARN_ABOUT_RETURN_TYPE = YES_ERROR;
				GCC_WARN_UNDECLARED_SELECTOR = YES;
				GCC_WARN_UNINITIALIZED_AUTOS = YES_AGGRESSIVE;
				GCC_WARN_UNUSED_FUNCTION = YES;
				GCC_WARN_UNUSED_VARIABLE = YES;
				MACOSX_DEPLOYMENT_TARGET = 10.9;
				MTL_ENABLE_DEBUG_INFO = YES;
				ONLY_ACTIVE_ARCH = YES;
				SDKROOT = macosx;
			};
			name = Debug;
		};
		67531AA31A0667AD0056ABB9 /* Release */ = {
			isa = XCBuildConfiguration;
			buildSettings = {
				ALWAYS_SEARCH_USER_PATHS = NO;
				CLANG_CXX_LANGUAGE_STANDARD = "gnu++0x";
				CLANG_CXX_LIBRARY = "libc++";
				CLANG_ENABLE_MODULES = YES;
				CLANG_ENABLE_OBJC_ARC = YES;
				CLANG_WARN_BOOL_CONVERSION = YES;
				CLANG_WARN_CONSTANT_CONVERSION = YES;
				CLANG_WARN_DIRECT_OBJC_ISA_USAGE = YES_ERROR;
				CLANG_WARN_EMPTY_BODY = YES;
				CLANG_WARN_ENUM_CONVERSION = YES;
				CLANG_WARN_INT_CONVERSION = YES;
				CLANG_WARN_OBJC_ROOT_CLASS = YES_ERROR;
				CLANG_WARN_UNREACHABLE_CODE = YES;
				CLANG_WARN__DUPLICATE_METHOD_MATCH = YES;
				COPY_PHASE_STRIP = YES;
				DEBUG_INFORMATION_FORMAT = "dwarf-with-dsym";
				ENABLE_NS_ASSERTIONS = NO;
				ENABLE_STRICT_OBJC_MSGSEND = YES;
				GCC_C_LANGUAGE_STANDARD = gnu99;
				GCC_WARN_64_TO_32_BIT_CONVERSION = YES;
				GCC_WARN_ABOUT_RETURN_TYPE = YES_ERROR;
				GCC_WARN_UNDECLARED_SELECTOR = YES;
				GCC_WARN_UNINITIALIZED_AUTOS = YES_AGGRESSIVE;
				GCC_WARN_UNUSED_FUNCTION = YES;
				GCC_WARN_UNUSED_VARIABLE = YES;
				MACOSX_DEPLOYMENT_TARGET = 10.9;
				MTL_ENABLE_DEBUG_INFO = NO;
				SDKROOT = macosx;
			};
			name = Release;
		};
		67531AA51A0667AD0056ABB9 /* Debug */ = {
			isa = XCBuildConfiguration;
			buildSettings = {
				PRODUCT_NAME = "$(TARGET_NAME)";
			};
			name = Debug;
		};
		67531AA61A0667AD0056ABB9 /* Release */ = {
			isa = XCBuildConfiguration;
			buildSettings = {
				PRODUCT_NAME = "$(TARGET_NAME)";
			};
			name = Release;
		};
/* End XCBuildConfiguration section */

/* Begin XCConfigurationList section */
		67531A981A0667AD0056ABB9 /* Build configuration list for PBXProject "Speakable" */ = {
			isa = XCConfigurationList;
			buildConfigurations = (
				67531AA21A0667AD0056ABB9 /* Debug */,
				67531AA31A0667AD0056ABB9 /* Release */,
			);
			defaultConfigurationIsVisible = 0;
			defaultConfigurationName = Release;
		};
		67531AA41A0667AD0056ABB9 /* Build configuration list for PBXNativeTarget "Speakable" */ = {
			isa = XCConfigurationList;
			buildConfigurations = (
				67531AA51A0667AD0056ABB9 /* Debug */,
				67531AA61A0667AD0056ABB9 /* Release */,
			);
			defaultConfigurationIsVisible = 0;
		};
/* End XCConfigurationList section */
	};
	rootObject = 67531A951A0667AD0056ABB9 /* Project object */;
}
